
Microsoft Visual Studio Solution File, Format Version 12.00
# Visual Studio 15
VisualStudioVersion = 15.0.28307.329
MinimumVisualStudioVersion = 10.0.40219.1
Project("{FAE04EC0-301F-11D3-BF4B-00C04F79EFBC}") = "Reactor", "Reactor\Reactor.csproj", "{0A3F1B33-B57A-46C9-8A11-C17A51E01595}"
EndProject
Project("{2150E333-8FDC-42A3-9474-1A3956D46DE8}") = "Example", "Example", "{DAC83C84-D503-4C88-A31D-0D7DB19E319B}"
EndProject
Project("{FAE04EC0-301F-11D3-BF4B-00C04F79EFBC}") = "SimpleServer", "SimpleServer\SimpleServer.csproj", "{7573EF95-A935-4DF7-B5A4-73ADF63899C1}"
EndProject
Project("{FAE04EC0-301F-11D3-BF4B-00C04F79EFBC}") = "SimpleClient", "SimpleClient\SimpleClient.csproj", "{00E8822B-58F6-4851-9E2A-E7C7B6D6CB18}"
EndProject
Global
	GlobalSection(SolutionConfigurationPlatforms) = preSolution
		Debug|Any CPU = Debug|Any CPU
		Release|Any CPU = Release|Any CPU
	EndGlobalSection
	GlobalSection(ProjectConfigurationPlatforms) = postSolution
		{0A3F1B33-B57A-46C9-8A11-C17A51E01595}.Debug|Any CPU.ActiveCfg = Debug|Any CPU
		{0A3F1B33-B57A-46C9-8A11-C17A51E01595}.Debug|Any CPU.Build.0 = Debug|Any CPU
		{0A3F1B33-B57A-46C9-8A11-C17A51E01595}.Release|Any CPU.ActiveCfg = Release|Any CPU
		{0A3F1B33-B57A-46C9-8A11-C17A51E01595}.Release|Any CPU.Build.0 = Release|Any CPU
		{7573EF95-A935-4DF7-B5A4-73ADF63899C1}.Debug|Any CPU.ActiveCfg = Debug|Any CPU
		{7573EF95-A935-4DF7-B5A4-73ADF63899C1}.Debug|Any CPU.Build.0 = Debug|Any CPU
		{7573EF95-A935-4DF7-B5A4-73ADF63899C1}.Release|Any CPU.ActiveCfg = Release|Any CPU
		{7573EF95-A935-4DF7-B5A4-73ADF63899C1}.Release|Any CPU.Build.0 = Release|Any CPU
		{00E8822B-58F6-4851-9E2A-E7C7B6D6CB18}.Debug|Any CPU.ActiveCfg = Debug|Any CPU
		{00E8822B-58F6-4851-9E2A-E7C7B6D6CB18}.Debug|Any CPU.Build.0 = Debug|Any CPU
		{00E8822B-58F6-4851-9E2A-E7C7B6D6CB18}.Release|Any CPU.ActiveCfg = Release|Any CPU
		{00E8822B-58F6-4851-9E2A-E7C7B6D6CB18}.Release|Any CPU.Build.0 = Release|Any CPU
	EndGlobalSection
	GlobalSection(SolutionProperties) = preSolution
		HideSolutionNode = FALSE
	EndGlobalSection
	GlobalSection(NestedProjects) = preSolution
		{7573EF95-A935-4DF7-B5A4-73ADF63899C1} = {DAC83C84-D503-4C88-A31D-0D7DB19E319B}
		{00E8822B-58F6-4851-9E2A-E7C7B6D6CB18} = {DAC83C84-D503-4C88-A31D-0D7DB19E319B}
	EndGlobalSection
	GlobalSection(ExtensibilityGlobals) = postSolution
		SolutionGuid = {C1596C97-8EBE-4B8F-AC5A-A7577D16CCA8}
	EndGlobalSection
EndGlobal
