
Microsoft Visual Studio Solution File, Format Version 12.00
# Visual Studio 15
VisualStudioVersion = 15.0.28307.329
MinimumVisualStudioVersion = 10.0.40219.1
Project("{FAE04EC0-301F-11D3-BF4B-00C04F79EFBC}") = "Reactor", "Reactor\Reactor.csproj", "{0A3F1B33-B57A-46C9-8A11-C17A51E01595}"
EndProject
Project("{2150E333-8FDC-42A3-9474-1A3956D46DE8}") = "Example", "Example", "{DAC83C84-D503-4C88-A31D-0D7DB19E319B}"
EndProject
Project("{FAE04EC0-301F-11D3-BF4B-00C04F79EFBC}") = "SimpleServer", "SimpleServer\SimpleServer.csproj", "{7573EF95-A935-4DF7-B5A4-73ADF63899C1}"
EndProject
Project("{FAE04EC0-301F-11D3-BF4B-00C04F79EFBC}") = "SimpleClient", "SimpleClient\SimpleClient.csproj", "{00E8822B-58F6-4851-9E2A-E7C7B6D6CB18}"
EndProject
Project("{FAE04EC0-301F-11D3-BF4B-00C04F79EFBC}") = "ReactorServer", "ReactorServer\ReactorServer.csproj", "{793BEDD3-F478-471B-9BA9-8ADA8AB4D5F9}"
EndProject
Project("{FAE04EC0-301F-11D3-BF4B-00C04F79EFBC}") = "ReactorSecureServerExample", "ReactorSecureServerExample\ReactorSecureServerExample.csproj", "{4A51BBC7-5DCB-4000-8171-234B9525F834}"
EndProject
Project("{FAE04EC0-301F-11D3-BF4B-00C04F79EFBC}") = "ReactorClient", "ReactorClient\ReactorClient.csproj", "{A187F00C-0FBB-4240-B590-7049AAC2177A}"
EndProject
Project("{FAE04EC0-301F-11D3-BF4B-00C04F79EFBC}") = "ReactorSecureClientExample", "ReactorSecureClientExample\ReactorSecureClientExample.csproj", "{70CC9ACE-A374-443E-8F89-E7A38CE1A08A}"
EndProject
Project("{2150E333-8FDC-42A3-9474-1A3956D46DE8}") = "Tests", "Tests", "{6DDAD638-EFBE-44D4-905F-5904BC4A5C50}"
EndProject
Project("{9A19103F-16F7-4668-BE54-9A1E7A4F7556}") = "ReactorTests", "ReactorTests\ReactorTests.csproj", "{E69CC91E-51CD-4FD1-B94D-6473ABF7F44D}"
EndProject
Project("{FAE04EC0-301F-11D3-BF4B-00C04F79EFBC}") = "RemoteDesktopClient", "RemoteDesktopClient\RemoteDesktopClient.csproj", "{85246431-CBFD-4CA3-902A-6EADC3779A98}"
EndProject
Project("{FAE04EC0-301F-11D3-BF4B-00C04F79EFBC}") = "RemoteDesktopServer", "RemoteDesktopServer\RemoteDesktopServer.csproj", "{ABEA4A93-ACA1-40CE-BAD7-AF58CDF1B891}"
EndProject
Global
	GlobalSection(SolutionConfigurationPlatforms) = preSolution
		Debug|Any CPU = Debug|Any CPU
		Release|Any CPU = Release|Any CPU
	EndGlobalSection
	GlobalSection(ProjectConfigurationPlatforms) = postSolution
		{0A3F1B33-B57A-46C9-8A11-C17A51E01595}.Debug|Any CPU.ActiveCfg = Debug|Any CPU
		{0A3F1B33-B57A-46C9-8A11-C17A51E01595}.Debug|Any CPU.Build.0 = Debug|Any CPU
		{0A3F1B33-B57A-46C9-8A11-C17A51E01595}.Release|Any CPU.ActiveCfg = Release|Any CPU
		{0A3F1B33-B57A-46C9-8A11-C17A51E01595}.Release|Any CPU.Build.0 = Release|Any CPU
		{7573EF95-A935-4DF7-B5A4-73ADF63899C1}.Debug|Any CPU.ActiveCfg = Debug|Any CPU
		{7573EF95-A935-4DF7-B5A4-73ADF63899C1}.Debug|Any CPU.Build.0 = Debug|Any CPU
		{7573EF95-A935-4DF7-B5A4-73ADF63899C1}.Release|Any CPU.ActiveCfg = Release|Any CPU
		{7573EF95-A935-4DF7-B5A4-73ADF63899C1}.Release|Any CPU.Build.0 = Release|Any CPU
		{00E8822B-58F6-4851-9E2A-E7C7B6D6CB18}.Debug|Any CPU.ActiveCfg = Debug|Any CPU
		{00E8822B-58F6-4851-9E2A-E7C7B6D6CB18}.Debug|Any CPU.Build.0 = Debug|Any CPU
		{00E8822B-58F6-4851-9E2A-E7C7B6D6CB18}.Release|Any CPU.ActiveCfg = Release|Any CPU
		{00E8822B-58F6-4851-9E2A-E7C7B6D6CB18}.Release|Any CPU.Build.0 = Release|Any CPU
		{793BEDD3-F478-471B-9BA9-8ADA8AB4D5F9}.Debug|Any CPU.ActiveCfg = Debug|Any CPU
		{793BEDD3-F478-471B-9BA9-8ADA8AB4D5F9}.Debug|Any CPU.Build.0 = Debug|Any CPU
		{793BEDD3-F478-471B-9BA9-8ADA8AB4D5F9}.Release|Any CPU.ActiveCfg = Release|Any CPU
		{793BEDD3-F478-471B-9BA9-8ADA8AB4D5F9}.Release|Any CPU.Build.0 = Release|Any CPU
		{4A51BBC7-5DCB-4000-8171-234B9525F834}.Debug|Any CPU.ActiveCfg = Debug|Any CPU
		{4A51BBC7-5DCB-4000-8171-234B9525F834}.Debug|Any CPU.Build.0 = Debug|Any CPU
		{4A51BBC7-5DCB-4000-8171-234B9525F834}.Release|Any CPU.ActiveCfg = Release|Any CPU
		{4A51BBC7-5DCB-4000-8171-234B9525F834}.Release|Any CPU.Build.0 = Release|Any CPU
		{A187F00C-0FBB-4240-B590-7049AAC2177A}.Debug|Any CPU.ActiveCfg = Debug|Any CPU
		{A187F00C-0FBB-4240-B590-7049AAC2177A}.Debug|Any CPU.Build.0 = Debug|Any CPU
		{A187F00C-0FBB-4240-B590-7049AAC2177A}.Release|Any CPU.ActiveCfg = Release|Any CPU
		{A187F00C-0FBB-4240-B590-7049AAC2177A}.Release|Any CPU.Build.0 = Release|Any CPU
		{70CC9ACE-A374-443E-8F89-E7A38CE1A08A}.Debug|Any CPU.ActiveCfg = Debug|Any CPU
		{70CC9ACE-A374-443E-8F89-E7A38CE1A08A}.Debug|Any CPU.Build.0 = Debug|Any CPU
		{70CC9ACE-A374-443E-8F89-E7A38CE1A08A}.Release|Any CPU.ActiveCfg = Release|Any CPU
		{70CC9ACE-A374-443E-8F89-E7A38CE1A08A}.Release|Any CPU.Build.0 = Release|Any CPU
		{E69CC91E-51CD-4FD1-B94D-6473ABF7F44D}.Debug|Any CPU.ActiveCfg = Debug|Any CPU
		{E69CC91E-51CD-4FD1-B94D-6473ABF7F44D}.Debug|Any CPU.Build.0 = Debug|Any CPU
		{E69CC91E-51CD-4FD1-B94D-6473ABF7F44D}.Release|Any CPU.ActiveCfg = Release|Any CPU
		{E69CC91E-51CD-4FD1-B94D-6473ABF7F44D}.Release|Any CPU.Build.0 = Release|Any CPU
		{85246431-CBFD-4CA3-902A-6EADC3779A98}.Debug|Any CPU.ActiveCfg = Debug|Any CPU
		{85246431-CBFD-4CA3-902A-6EADC3779A98}.Debug|Any CPU.Build.0 = Debug|Any CPU
		{85246431-CBFD-4CA3-902A-6EADC3779A98}.Release|Any CPU.ActiveCfg = Release|Any CPU
		{85246431-CBFD-4CA3-902A-6EADC3779A98}.Release|Any CPU.Build.0 = Release|Any CPU
		{ABEA4A93-ACA1-40CE-BAD7-AF58CDF1B891}.Debug|Any CPU.ActiveCfg = Debug|Any CPU
		{ABEA4A93-ACA1-40CE-BAD7-AF58CDF1B891}.Debug|Any CPU.Build.0 = Debug|Any CPU
		{ABEA4A93-ACA1-40CE-BAD7-AF58CDF1B891}.Release|Any CPU.ActiveCfg = Release|Any CPU
		{ABEA4A93-ACA1-40CE-BAD7-AF58CDF1B891}.Release|Any CPU.Build.0 = Release|Any CPU
	EndGlobalSection
	GlobalSection(SolutionProperties) = preSolution
		HideSolutionNode = FALSE
	EndGlobalSection
	GlobalSection(NestedProjects) = preSolution
		{7573EF95-A935-4DF7-B5A4-73ADF63899C1} = {DAC83C84-D503-4C88-A31D-0D7DB19E319B}
		{00E8822B-58F6-4851-9E2A-E7C7B6D6CB18} = {DAC83C84-D503-4C88-A31D-0D7DB19E319B}
		{4A51BBC7-5DCB-4000-8171-234B9525F834} = {DAC83C84-D503-4C88-A31D-0D7DB19E319B}
		{70CC9ACE-A374-443E-8F89-E7A38CE1A08A} = {DAC83C84-D503-4C88-A31D-0D7DB19E319B}
		{E69CC91E-51CD-4FD1-B94D-6473ABF7F44D} = {6DDAD638-EFBE-44D4-905F-5904BC4A5C50}
		{85246431-CBFD-4CA3-902A-6EADC3779A98} = {DAC83C84-D503-4C88-A31D-0D7DB19E319B}
		{ABEA4A93-ACA1-40CE-BAD7-AF58CDF1B891} = {DAC83C84-D503-4C88-A31D-0D7DB19E319B}
	EndGlobalSection
	GlobalSection(ExtensibilityGlobals) = postSolution
		SolutionGuid = {C1596C97-8EBE-4B8F-AC5A-A7577D16CCA8}
	EndGlobalSection
EndGlobal
